
Microsoft Visual Studio Solution File, Format Version 12.00
# Visual Studio 15
VisualStudioVersion = 15.0.27617.1
MinimumVisualStudioVersion = 10.0.40219.1
Project("{FAE04EC0-301F-11D3-BF4B-00C04F79EFBC}") = "Athena", "src\Athena\Athena.csproj", "{2C747C8E-9601-48C7-A64B-DC4EFA53ED6F}"
EndProject
Project("{FAE04EC0-301F-11D3-BF4B-00C04F79EFBC}") = "Athena.Core", "src\Athena.Core\Athena.Core.csproj", "{684E354D-D89B-4076-8C71-32A9C8453E7F}"
EndProject
Global
	GlobalSection(SolutionConfigurationPlatforms) = preSolution
		Debug|Any CPU = Debug|Any CPU
		Release|Any CPU = Release|Any CPU
	EndGlobalSection
	GlobalSection(ProjectConfigurationPlatforms) = postSolution
		{2C747C8E-9601-48C7-A64B-DC4EFA53ED6F}.Debug|Any CPU.ActiveCfg = Debug|Any CPU
		{2C747C8E-9601-48C7-A64B-DC4EFA53ED6F}.Debug|Any CPU.Build.0 = Debug|Any CPU
		{2C747C8E-9601-48C7-A64B-DC4EFA53ED6F}.Release|Any CPU.ActiveCfg = Release|Any CPU
		{2C747C8E-9601-48C7-A64B-DC4EFA53ED6F}.Release|Any CPU.Build.0 = Release|Any CPU
		{684E354D-D89B-4076-8C71-32A9C8453E7F}.Debug|Any CPU.ActiveCfg = Debug|Any CPU
		{684E354D-D89B-4076-8C71-32A9C8453E7F}.Debug|Any CPU.Build.0 = Debug|Any CPU
		{684E354D-D89B-4076-8C71-32A9C8453E7F}.Release|Any CPU.ActiveCfg = Release|Any CPU
		{684E354D-D89B-4076-8C71-32A9C8453E7F}.Release|Any CPU.Build.0 = Release|Any CPU
	EndGlobalSection
	GlobalSection(SolutionProperties) = preSolution
		HideSolutionNode = FALSE
	EndGlobalSection
	GlobalSection(ExtensibilityGlobals) = postSolution
		SolutionGuid = {71FF75F4-5E82-4C4B-89DB-BE966A7CA65F}
	EndGlobalSection
EndGlobal
